
Microsoft Visual Studio Solution File, Format Version 12.00
# Visual Studio Version 17
VisualStudioVersion = 17.10.34928.147
MinimumVisualStudioVersion = 10.0.40219.1
Project("{9A19103F-16F7-4668-BE54-9A1E7A4F7556}") = "RentIt.Properties.API", "RentIt.Properties.API\RentIt.Properties.API.csproj", "{74AB11B7-13CC-48D9-93CD-5A8EA60725AB}"
EndProject
Project("{FAE04EC0-301F-11D3-BF4B-00C04F79EFBC}") = "RentIt.Properties.Domain", "RentIt.Properties.Domain\RentIt.Properties.Domain.csproj", "{4FB8C96F-2CF8-4FDE-BB73-A9CCC0B19FD1}"
EndProject
Project("{FAE04EC0-301F-11D3-BF4B-00C04F79EFBC}") = "RentIt.Properties.DataAccess", "RentIt.Properties.DataAccess\RentIt.Properties.DataAccess.csproj", "{C42CC2A4-5F48-46DB-807C-938DE86915D1}"
EndProject
Global
	GlobalSection(SolutionConfigurationPlatforms) = preSolution
		Debug|Any CPU = Debug|Any CPU
		Release|Any CPU = Release|Any CPU
	EndGlobalSection
	GlobalSection(ProjectConfigurationPlatforms) = postSolution
		{74AB11B7-13CC-48D9-93CD-5A8EA60725AB}.Debug|Any CPU.ActiveCfg = Debug|Any CPU
		{74AB11B7-13CC-48D9-93CD-5A8EA60725AB}.Debug|Any CPU.Build.0 = Debug|Any CPU
		{74AB11B7-13CC-48D9-93CD-5A8EA60725AB}.Release|Any CPU.ActiveCfg = Release|Any CPU
		{74AB11B7-13CC-48D9-93CD-5A8EA60725AB}.Release|Any CPU.Build.0 = Release|Any CPU
		{4FB8C96F-2CF8-4FDE-BB73-A9CCC0B19FD1}.Debug|Any CPU.ActiveCfg = Debug|Any CPU
		{4FB8C96F-2CF8-4FDE-BB73-A9CCC0B19FD1}.Debug|Any CPU.Build.0 = Debug|Any CPU
		{4FB8C96F-2CF8-4FDE-BB73-A9CCC0B19FD1}.Release|Any CPU.ActiveCfg = Release|Any CPU
		{4FB8C96F-2CF8-4FDE-BB73-A9CCC0B19FD1}.Release|Any CPU.Build.0 = Release|Any CPU
		{C42CC2A4-5F48-46DB-807C-938DE86915D1}.Debug|Any CPU.ActiveCfg = Debug|Any CPU
		{C42CC2A4-5F48-46DB-807C-938DE86915D1}.Debug|Any CPU.Build.0 = Debug|Any CPU
		{C42CC2A4-5F48-46DB-807C-938DE86915D1}.Release|Any CPU.ActiveCfg = Release|Any CPU
		{C42CC2A4-5F48-46DB-807C-938DE86915D1}.Release|Any CPU.Build.0 = Release|Any CPU
	EndGlobalSection
	GlobalSection(SolutionProperties) = preSolution
		HideSolutionNode = FALSE
	EndGlobalSection
	GlobalSection(ExtensibilityGlobals) = postSolution
		SolutionGuid = {79721947-5179-40D9-B183-760A77260F0C}
	EndGlobalSection
EndGlobal
